
Microsoft Visual Studio Solution File, Format Version 12.00
# Visual Studio Version 16
VisualStudioVersion = 16.0.32106.194
MinimumVisualStudioVersion = 10.0.40219.1
Project("{FAE04EC0-301F-11D3-BF4B-00C04F79EFBC}") = "AnToanLaoDong", "AnToanLaoDong\AnToanLaoDong.csproj", "{118A7A50-11A2-49F4-BED1-08F55B09C694}"
EndProject
Global
	GlobalSection(SolutionConfigurationPlatforms) = preSolution
		Debug|Any CPU = Debug|Any CPU
		Release|Any CPU = Release|Any CPU
	EndGlobalSection
	GlobalSection(ProjectConfigurationPlatforms) = postSolution
		{118A7A50-11A2-49F4-BED1-08F55B09C694}.Debug|Any CPU.ActiveCfg = Debug|Any CPU
		{118A7A50-11A2-49F4-BED1-08F55B09C694}.Debug|Any CPU.Build.0 = Debug|Any CPU
		{118A7A50-11A2-49F4-BED1-08F55B09C694}.Release|Any CPU.ActiveCfg = Release|Any CPU
		{118A7A50-11A2-49F4-BED1-08F55B09C694}.Release|Any CPU.Build.0 = Release|Any CPU
	EndGlobalSection
	GlobalSection(SolutionProperties) = preSolution
		HideSolutionNode = FALSE
	EndGlobalSection
	GlobalSection(ExtensibilityGlobals) = postSolution
		SolutionGuid = {F9D1AD5C-E4F3-4948-9911-77F5DF4F4F88}
	EndGlobalSection
EndGlobal
